// !$*UTF8*$!
{
	archiveVersion = 1;
	classes = {
	};
	objectVersion = 46;
	objects = {

/* Begin PBXBuildFile section */
		0A9E8A291F426E1600528EA4 /* main.c in Sources */ = {isa = PBXBuildFile; fileRef = 0A9E8A281F426E1600528EA4 /* main.c */; };
		0A9E8A2F1F426E3B00528EA4 /* StaticQueue.c in Sources */ = {isa = PBXBuildFile; fileRef = 0A9E8A2D1F426E3B00528EA4 /* StaticQueue.c */; };
		D703CE691F052E5500F24AA9 /* main.c in Sources */ = {isa = PBXBuildFile; fileRef = D703CE681F052E5500F24AA9 /* main.c */; };
		D703CE6F1F052E7F00F24AA9 /* DoubleChainedList.c in Sources */ = {isa = PBXBuildFile; fileRef = D703CE6D1F052E7F00F24AA9 /* DoubleChainedList.c */; };
		D7368AAA1EBBCB56003D2076 /* main.c in Sources */ = {isa = PBXBuildFile; fileRef = D7368AA91EBBCB56003D2076 /* main.c */; };
		D7368AB21EBBCC08003D2076 /* ListaSequencial.c in Sources */ = {isa = PBXBuildFile; fileRef = D7368AB11EBBCC08003D2076 /* ListaSequencial.c */; };
		D792D39A1F03E73C00F8C738 /* main.c in Sources */ = {isa = PBXBuildFile; fileRef = D792D3991F03E73C00F8C738 /* main.c */; };
		D792D3A01F03E87F00F8C738 /* ListaDinEncad.c in Sources */ = {isa = PBXBuildFile; fileRef = D792D39F1F03E87F00F8C738 /* ListaDinEncad.c */; };
		D7BABE201F0576CD00AB6C73 /* main.c in Sources */ = {isa = PBXBuildFile; fileRef = D7BABE1F1F0576CD00AB6C73 /* main.c */; };
		D7BABE261F0576FE00AB6C73 /* CircularChainedList.c in Sources */ = {isa = PBXBuildFile; fileRef = D7BABE241F0576FE00AB6C73 /* CircularChainedList.c */; };
		D7E007CF1F0AC53300062DFA /* ChainedDescriptorList.c in Sources */ = {isa = PBXBuildFile; fileRef = D7E007CC1F0AC53300062DFA /* ChainedDescriptorList.c */; };
		D7E007D01F0AC53300062DFA /* main.c in Sources */ = {isa = PBXBuildFile; fileRef = D7E007CE1F0AC53300062DFA /* main.c */; };
/* End PBXBuildFile section */

/* Begin PBXCopyFilesBuildPhase section */
		0A9E8A241F426E1600528EA4 /* CopyFiles */ = {
			isa = PBXCopyFilesBuildPhase;
			buildActionMask = 2147483647;
			dstPath = /usr/share/man/man1/;
			dstSubfolderSpec = 0;
			files = (
			);
			runOnlyForDeploymentPostprocessing = 1;
		};
		D703CE641F052E5500F24AA9 /* CopyFiles */ = {
			isa = PBXCopyFilesBuildPhase;
			buildActionMask = 2147483647;
			dstPath = /usr/share/man/man1/;
			dstSubfolderSpec = 0;
			files = (
			);
			runOnlyForDeploymentPostprocessing = 1;
		};
		D7368AA41EBBCB56003D2076 /* CopyFiles */ = {
			isa = PBXCopyFilesBuildPhase;
			buildActionMask = 2147483647;
			dstPath = /usr/share/man/man1/;
			dstSubfolderSpec = 0;
			files = (
			);
			runOnlyForDeploymentPostprocessing = 1;
		};
		D792D3951F03E73C00F8C738 /* CopyFiles */ = {
			isa = PBXCopyFilesBuildPhase;
			buildActionMask = 2147483647;
			dstPath = /usr/share/man/man1/;
			dstSubfolderSpec = 0;
			files = (
			);
			runOnlyForDeploymentPostprocessing = 1;
		};
		D7BABE1B1F0576CD00AB6C73 /* CopyFiles */ = {
			isa = PBXCopyFilesBuildPhase;
			buildActionMask = 2147483647;
			dstPath = /usr/share/man/man1/;
			dstSubfolderSpec = 0;
			files = (
			);
			runOnlyForDeploymentPostprocessing = 1;
		};
		D7E007C31F0AC51700062DFA /* CopyFiles */ = {
			isa = PBXCopyFilesBuildPhase;
			buildActionMask = 2147483647;
			dstPath = /usr/share/man/man1/;
			dstSubfolderSpec = 0;
			files = (
			);
			runOnlyForDeploymentPostprocessing = 1;
		};
/* End PBXCopyFilesBuildPhase section */

/* Begin PBXFileReference section */
		0A9E8A261F426E1600528EA4 /* DS_STATIC_QUEUE */ = {isa = PBXFileReference; explicitFileType = "compiled.mach-o.executable"; includeInIndex = 0; path = DS_STATIC_QUEUE; sourceTree = BUILT_PRODUCTS_DIR; };
		0A9E8A281F426E1600528EA4 /* main.c */ = {isa = PBXFileReference; lastKnownFileType = sourcecode.c.c; path = main.c; sourceTree = "<group>"; };
		0A9E8A2D1F426E3B00528EA4 /* StaticQueue.c */ = {isa = PBXFileReference; fileEncoding = 4; lastKnownFileType = sourcecode.c.c; path = StaticQueue.c; sourceTree = "<group>"; };
		0A9E8A2E1F426E3B00528EA4 /* StaticQueue.h */ = {isa = PBXFileReference; fileEncoding = 4; lastKnownFileType = sourcecode.c.h; path = StaticQueue.h; sourceTree = "<group>"; };
		D703CE661F052E5500F24AA9 /* DS_DOUBLE_CHAINED_LIST */ = {isa = PBXFileReference; explicitFileType = "compiled.mach-o.executable"; includeInIndex = 0; path = DS_DOUBLE_CHAINED_LIST; sourceTree = BUILT_PRODUCTS_DIR; };
		D703CE681F052E5500F24AA9 /* main.c */ = {isa = PBXFileReference; lastKnownFileType = sourcecode.c.c; path = main.c; sourceTree = "<group>"; };
		D703CE6D1F052E7F00F24AA9 /* DoubleChainedList.c */ = {isa = PBXFileReference; fileEncoding = 4; lastKnownFileType = sourcecode.c.c; path = DoubleChainedList.c; sourceTree = "<group>"; };
		D703CE6E1F052E7F00F24AA9 /* DoubleChainedList.h */ = {isa = PBXFileReference; fileEncoding = 4; lastKnownFileType = sourcecode.c.h; path = DoubleChainedList.h; sourceTree = "<group>"; };
		D7368AA61EBBCB56003D2076 /* ED_LISTA_EST_05 */ = {isa = PBXFileReference; explicitFileType = "compiled.mach-o.executable"; includeInIndex = 0; path = ED_LISTA_EST_05; sourceTree = BUILT_PRODUCTS_DIR; };
		D7368AA91EBBCB56003D2076 /* main.c */ = {isa = PBXFileReference; lastKnownFileType = sourcecode.c.c; path = main.c; sourceTree = "<group>"; };
		D7368AB01EBBCB6B003D2076 /* ListaSequencial.h */ = {isa = PBXFileReference; lastKnownFileType = sourcecode.c.h; path = ListaSequencial.h; sourceTree = "<group>"; };
		D7368AB11EBBCC08003D2076 /* ListaSequencial.c */ = {isa = PBXFileReference; fileEncoding = 4; lastKnownFileType = sourcecode.c.c; path = ListaSequencial.c; sourceTree = "<group>"; };
		D792D3971F03E73C00F8C738 /* ED_LISTA_DUPLAMENTE_ENC */ = {isa = PBXFileReference; explicitFileType = "compiled.mach-o.executable"; includeInIndex = 0; path = ED_LISTA_DUPLAMENTE_ENC; sourceTree = BUILT_PRODUCTS_DIR; };
		D792D3991F03E73C00F8C738 /* main.c */ = {isa = PBXFileReference; lastKnownFileType = sourcecode.c.c; path = main.c; sourceTree = "<group>"; };
		D792D39E1F03E82900F8C738 /* ListaDinEncad.h */ = {isa = PBXFileReference; lastKnownFileType = sourcecode.c.h; path = ListaDinEncad.h; sourceTree = "<group>"; };
		D792D39F1F03E87F00F8C738 /* ListaDinEncad.c */ = {isa = PBXFileReference; fileEncoding = 4; lastKnownFileType = sourcecode.c.c; path = ListaDinEncad.c; sourceTree = "<group>"; };
		D7BABE1D1F0576CD00AB6C73 /* DS_CIRCULAR_CHAINED_LIST */ = {isa = PBXFileReference; explicitFileType = "compiled.mach-o.executable"; includeInIndex = 0; path = DS_CIRCULAR_CHAINED_LIST; sourceTree = BUILT_PRODUCTS_DIR; };
		D7BABE1F1F0576CD00AB6C73 /* main.c */ = {isa = PBXFileReference; lastKnownFileType = sourcecode.c.c; path = main.c; sourceTree = "<group>"; };
		D7BABE241F0576FE00AB6C73 /* CircularChainedList.c */ = {isa = PBXFileReference; fileEncoding = 4; lastKnownFileType = sourcecode.c.c; path = CircularChainedList.c; sourceTree = "<group>"; };
		D7BABE251F0576FE00AB6C73 /* CircularChainedList.h */ = {isa = PBXFileReference; fileEncoding = 4; lastKnownFileType = sourcecode.c.h; path = CircularChainedList.h; sourceTree = "<group>"; };
		D7E007C51F0AC51700062DFA /* DS_CHAINED_DESCRIPTOR_LIST */ = {isa = PBXFileReference; explicitFileType = "compiled.mach-o.executable"; includeInIndex = 0; path = DS_CHAINED_DESCRIPTOR_LIST; sourceTree = BUILT_PRODUCTS_DIR; };
		D7E007CC1F0AC53300062DFA /* ChainedDescriptorList.c */ = {isa = PBXFileReference; fileEncoding = 4; lastKnownFileType = sourcecode.c.c; path = ChainedDescriptorList.c; sourceTree = "<group>"; };
		D7E007CD1F0AC53300062DFA /* ChainedDescriptorList.h */ = {isa = PBXFileReference; fileEncoding = 4; lastKnownFileType = sourcecode.c.h; path = ChainedDescriptorList.h; sourceTree = "<group>"; };
		D7E007CE1F0AC53300062DFA /* main.c */ = {isa = PBXFileReference; fileEncoding = 4; lastKnownFileType = sourcecode.c.c; path = main.c; sourceTree = "<group>"; };
/* End PBXFileReference section */

/* Begin PBXFrameworksBuildPhase section */
		0A9E8A231F426E1600528EA4 /* Frameworks */ = {
			isa = PBXFrameworksBuildPhase;
			buildActionMask = 2147483647;
			files = (
			);
			runOnlyForDeploymentPostprocessing = 0;
		};
		D703CE631F052E5500F24AA9 /* Frameworks */ = {
			isa = PBXFrameworksBuildPhase;
			buildActionMask = 2147483647;
			files = (
			);
			runOnlyForDeploymentPostprocessing = 0;
		};
		D7368AA31EBBCB56003D2076 /* Frameworks */ = {
			isa = PBXFrameworksBuildPhase;
			buildActionMask = 2147483647;
			files = (
			);
			runOnlyForDeploymentPostprocessing = 0;
		};
		D792D3941F03E73C00F8C738 /* Frameworks */ = {
			isa = PBXFrameworksBuildPhase;
			buildActionMask = 2147483647;
			files = (
			);
			runOnlyForDeploymentPostprocessing = 0;
		};
		D7BABE1A1F0576CD00AB6C73 /* Frameworks */ = {
			isa = PBXFrameworksBuildPhase;
			buildActionMask = 2147483647;
			files = (
			);
			runOnlyForDeploymentPostprocessing = 0;
		};
		D7E007C21F0AC51700062DFA /* Frameworks */ = {
			isa = PBXFrameworksBuildPhase;
			buildActionMask = 2147483647;
			files = (
			);
			runOnlyForDeploymentPostprocessing = 0;
		};
/* End PBXFrameworksBuildPhase section */

/* Begin PBXGroup section */
		0A9E8A271F426E1600528EA4 /* DS_STATIC_QUEUE */ = {
			isa = PBXGroup;
			children = (
				0A9E8A281F426E1600528EA4 /* main.c */,
				0A9E8A2D1F426E3B00528EA4 /* StaticQueue.c */,
				0A9E8A2E1F426E3B00528EA4 /* StaticQueue.h */,
			);
			path = DS_STATIC_QUEUE;
			sourceTree = "<group>";
		};
		D703CE671F052E5500F24AA9 /* DS_DOUBLE_CHAINED_LIST */ = {
			isa = PBXGroup;
			children = (
				D703CE681F052E5500F24AA9 /* main.c */,
				D703CE6D1F052E7F00F24AA9 /* DoubleChainedList.c */,
				D703CE6E1F052E7F00F24AA9 /* DoubleChainedList.h */,
			);
			path = DS_DOUBLE_CHAINED_LIST;
			sourceTree = "<group>";
		};
		D7368A9D1EBBCB56003D2076 = {
			isa = PBXGroup;
			children = (
				D7368AA81EBBCB56003D2076 /* ED_LISTA_EST_05 */,
				D792D3981F03E73C00F8C738 /* ED_LISTA_DUPLAMENTE_ENC */,
				D703CE671F052E5500F24AA9 /* DS_DOUBLE_CHAINED_LIST */,
				D7BABE1E1F0576CD00AB6C73 /* DS_CIRCULAR_CHAINED_LIST */,
				D7E007C61F0AC51700062DFA /* DS_CHAINED_DESCRIPTOR_LIST */,
				0A9E8A271F426E1600528EA4 /* DS_STATIC_QUEUE */,
				D7368AA71EBBCB56003D2076 /* Products */,
			);
			sourceTree = "<group>";
		};
		D7368AA71EBBCB56003D2076 /* Products */ = {
			isa = PBXGroup;
			children = (
				D7368AA61EBBCB56003D2076 /* ED_LISTA_EST_05 */,
				D792D3971F03E73C00F8C738 /* ED_LISTA_DUPLAMENTE_ENC */,
				D703CE661F052E5500F24AA9 /* DS_DOUBLE_CHAINED_LIST */,
				D7BABE1D1F0576CD00AB6C73 /* DS_CIRCULAR_CHAINED_LIST */,
				D7E007C51F0AC51700062DFA /* DS_CHAINED_DESCRIPTOR_LIST */,
				0A9E8A261F426E1600528EA4 /* DS_STATIC_QUEUE */,
			);
			name = Products;
			sourceTree = "<group>";
		};
		D7368AA81EBBCB56003D2076 /* ED_LISTA_EST_05 */ = {
			isa = PBXGroup;
			children = (
				D7368AA91EBBCB56003D2076 /* main.c */,
				D7368AB01EBBCB6B003D2076 /* ListaSequencial.h */,
				D7368AB11EBBCC08003D2076 /* ListaSequencial.c */,
			);
			path = ED_LISTA_EST_05;
			sourceTree = "<group>";
		};
		D792D3981F03E73C00F8C738 /* ED_LISTA_DUPLAMENTE_ENC */ = {
			isa = PBXGroup;
			children = (
				D792D3991F03E73C00F8C738 /* main.c */,
				D792D39E1F03E82900F8C738 /* ListaDinEncad.h */,
				D792D39F1F03E87F00F8C738 /* ListaDinEncad.c */,
			);
			path = ED_LISTA_DUPLAMENTE_ENC;
			sourceTree = "<group>";
		};
		D7BABE1E1F0576CD00AB6C73 /* DS_CIRCULAR_CHAINED_LIST */ = {
			isa = PBXGroup;
			children = (
				D7BABE1F1F0576CD00AB6C73 /* main.c */,
				D7BABE241F0576FE00AB6C73 /* CircularChainedList.c */,
				D7BABE251F0576FE00AB6C73 /* CircularChainedList.h */,
			);
			path = DS_CIRCULAR_CHAINED_LIST;
			sourceTree = "<group>";
		};
		D7E007C61F0AC51700062DFA /* DS_CHAINED_DESCRIPTOR_LIST */ = {
			isa = PBXGroup;
			children = (
				D7E007CC1F0AC53300062DFA /* ChainedDescriptorList.c */,
				D7E007CD1F0AC53300062DFA /* ChainedDescriptorList.h */,
				D7E007CE1F0AC53300062DFA /* main.c */,
			);
			path = DS_CHAINED_DESCRIPTOR_LIST;
			sourceTree = "<group>";
		};
/* End PBXGroup section */

/* Begin PBXNativeTarget section */
		0A9E8A251F426E1600528EA4 /* DS_STATIC_QUEUE */ = {
			isa = PBXNativeTarget;
			buildConfigurationList = 0A9E8A2C1F426E1600528EA4 /* Build configuration list for PBXNativeTarget "DS_STATIC_QUEUE" */;
			buildPhases = (
				0A9E8A221F426E1600528EA4 /* Sources */,
				0A9E8A231F426E1600528EA4 /* Frameworks */,
				0A9E8A241F426E1600528EA4 /* CopyFiles */,
			);
			buildRules = (
			);
			dependencies = (
			);
			name = DS_STATIC_QUEUE;
			productName = DS_STATIC_QUEUE;
			productReference = 0A9E8A261F426E1600528EA4 /* DS_STATIC_QUEUE */;
			productType = "com.apple.product-type.tool";
		};
		D703CE651F052E5500F24AA9 /* DS_DOUBLE_CHAINED_LIST */ = {
			isa = PBXNativeTarget;
			buildConfigurationList = D703CE6C1F052E5500F24AA9 /* Build configuration list for PBXNativeTarget "DS_DOUBLE_CHAINED_LIST" */;
			buildPhases = (
				D703CE621F052E5500F24AA9 /* Sources */,
				D703CE631F052E5500F24AA9 /* Frameworks */,
				D703CE641F052E5500F24AA9 /* CopyFiles */,
			);
			buildRules = (
			);
			dependencies = (
			);
			name = DS_DOUBLE_CHAINED_LIST;
			productName = DS_DOUBLE_CHAINED_LIST;
			productReference = D703CE661F052E5500F24AA9 /* DS_DOUBLE_CHAINED_LIST */;
			productType = "com.apple.product-type.tool";
		};
		D7368AA51EBBCB56003D2076 /* ED_LISTA_EST_05 */ = {
			isa = PBXNativeTarget;
			buildConfigurationList = D7368AAD1EBBCB56003D2076 /* Build configuration list for PBXNativeTarget "ED_LISTA_EST_05" */;
			buildPhases = (
				D7368AA21EBBCB56003D2076 /* Sources */,
				D7368AA31EBBCB56003D2076 /* Frameworks */,
				D7368AA41EBBCB56003D2076 /* CopyFiles */,
			);
			buildRules = (
			);
			dependencies = (
			);
			name = ED_LISTA_EST_05;
			productName = ED_LISTA_EST_05;
			productReference = D7368AA61EBBCB56003D2076 /* ED_LISTA_EST_05 */;
			productType = "com.apple.product-type.tool";
		};
		D792D3961F03E73C00F8C738 /* ED_LISTA_DUPLAMENTE_ENC */ = {
			isa = PBXNativeTarget;
			buildConfigurationList = D792D39D1F03E73C00F8C738 /* Build configuration list for PBXNativeTarget "ED_LISTA_DUPLAMENTE_ENC" */;
			buildPhases = (
				D792D3931F03E73C00F8C738 /* Sources */,
				D792D3941F03E73C00F8C738 /* Frameworks */,
				D792D3951F03E73C00F8C738 /* CopyFiles */,
			);
			buildRules = (
			);
			dependencies = (
			);
			name = ED_LISTA_DUPLAMENTE_ENC;
			productName = ED_LISTA_DUPLAMENTE_ENC;
			productReference = D792D3971F03E73C00F8C738 /* ED_LISTA_DUPLAMENTE_ENC */;
			productType = "com.apple.product-type.tool";
		};
		D7BABE1C1F0576CD00AB6C73 /* DS_CIRCULAR_CHAINED_LIST */ = {
			isa = PBXNativeTarget;
			buildConfigurationList = D7BABE231F0576CD00AB6C73 /* Build configuration list for PBXNativeTarget "DS_CIRCULAR_CHAINED_LIST" */;
			buildPhases = (
				D7BABE191F0576CD00AB6C73 /* Sources */,
				D7BABE1A1F0576CD00AB6C73 /* Frameworks */,
				D7BABE1B1F0576CD00AB6C73 /* CopyFiles */,
			);
			buildRules = (
			);
			dependencies = (
			);
			name = DS_CIRCULAR_CHAINED_LIST;
			productName = DS_CIRCULAR_CHAINED_LIST;
			productReference = D7BABE1D1F0576CD00AB6C73 /* DS_CIRCULAR_CHAINED_LIST */;
			productType = "com.apple.product-type.tool";
		};
		D7E007C41F0AC51700062DFA /* DS_CHAINED_DESCRIPTOR_LIST */ = {
			isa = PBXNativeTarget;
			buildConfigurationList = D7E007CB1F0AC51700062DFA /* Build configuration list for PBXNativeTarget "DS_CHAINED_DESCRIPTOR_LIST" */;
			buildPhases = (
				D7E007C11F0AC51700062DFA /* Sources */,
				D7E007C21F0AC51700062DFA /* Frameworks */,
				D7E007C31F0AC51700062DFA /* CopyFiles */,
			);
			buildRules = (
			);
			dependencies = (
			);
			name = DS_CHAINED_DESCRIPTOR_LIST;
			productName = DS_CHAINED_DESCRIPTOR_LIST;
			productReference = D7E007C51F0AC51700062DFA /* DS_CHAINED_DESCRIPTOR_LIST */;
			productType = "com.apple.product-type.tool";
		};
/* End PBXNativeTarget section */

/* Begin PBXProject section */
		D7368A9E1EBBCB56003D2076 /* Project object */ = {
			isa = PBXProject;
			attributes = {
				LastUpgradeCheck = 0830;
				ORGANIZATIONNAME = Wooba;
				TargetAttributes = {
					0A9E8A251F426E1600528EA4 = {
						CreatedOnToolsVersion = 8.3.3;
						ProvisioningStyle = Automatic;
					};
					D703CE651F052E5500F24AA9 = {
						CreatedOnToolsVersion = 8.3.3;
						DevelopmentTeam = Y799YUNDK5;
						ProvisioningStyle = Automatic;
					};
					D7368AA51EBBCB56003D2076 = {
						CreatedOnToolsVersion = 8.3.2;
						DevelopmentTeam = Y799YUNDK5;
						ProvisioningStyle = Automatic;
					};
					D792D3961F03E73C00F8C738 = {
						CreatedOnToolsVersion = 8.3.3;
						DevelopmentTeam = Y799YUNDK5;
						ProvisioningStyle = Automatic;
					};
					D7BABE1C1F0576CD00AB6C73 = {
						CreatedOnToolsVersion = 8.3.3;
						DevelopmentTeam = Y799YUNDK5;
						ProvisioningStyle = Automatic;
					};
					D7E007C41F0AC51700062DFA = {
						CreatedOnToolsVersion = 8.3.3;
						DevelopmentTeam = Y799YUNDK5;
						ProvisioningStyle = Automatic;
					};
				};
			};
			buildConfigurationList = D7368AA11EBBCB56003D2076 /* Build configuration list for PBXProject "ED_LISTA_EST_05" */;
			compatibilityVersion = "Xcode 3.2";
			developmentRegion = English;
			hasScannedForEncodings = 0;
			knownRegions = (
				en,
			);
			mainGroup = D7368A9D1EBBCB56003D2076;
			productRefGroup = D7368AA71EBBCB56003D2076 /* Products */;
			projectDirPath = "";
			projectRoot = "";
			targets = (
				D7368AA51EBBCB56003D2076 /* ED_LISTA_EST_05 */,
				D792D3961F03E73C00F8C738 /* ED_LISTA_DUPLAMENTE_ENC */,
				D703CE651F052E5500F24AA9 /* DS_DOUBLE_CHAINED_LIST */,
				D7BABE1C1F0576CD00AB6C73 /* DS_CIRCULAR_CHAINED_LIST */,
				D7E007C41F0AC51700062DFA /* DS_CHAINED_DESCRIPTOR_LIST */,
				0A9E8A251F426E1600528EA4 /* DS_STATIC_QUEUE */,
			);
		};
/* End PBXProject section */

/* Begin PBXSourcesBuildPhase section */
		0A9E8A221F426E1600528EA4 /* Sources */ = {
			isa = PBXSourcesBuildPhase;
			buildActionMask = 2147483647;
			files = (
				0A9E8A291F426E1600528EA4 /* main.c in Sources */,
				0A9E8A2F1F426E3B00528EA4 /* StaticQueue.c in Sources */,
			);
			runOnlyForDeploymentPostprocessing = 0;
		};
		D703CE621F052E5500F24AA9 /* Sources */ = {
			isa = PBXSourcesBuildPhase;
			buildActionMask = 2147483647;
			files = (
				D703CE691F052E5500F24AA9 /* main.c in Sources */,
				D703CE6F1F052E7F00F24AA9 /* DoubleChainedList.c in Sources */,
			);
			runOnlyForDeploymentPostprocessing = 0;
		};
		D7368AA21EBBCB56003D2076 /* Sources */ = {
			isa = PBXSourcesBuildPhase;
			buildActionMask = 2147483647;
			files = (
				D7368AAA1EBBCB56003D2076 /* main.c in Sources */,
				D7368AB21EBBCC08003D2076 /* ListaSequencial.c in Sources */,
			);
			runOnlyForDeploymentPostprocessing = 0;
		};
		D792D3931F03E73C00F8C738 /* Sources */ = {
			isa = PBXSourcesBuildPhase;
			buildActionMask = 2147483647;
			files = (
				D792D39A1F03E73C00F8C738 /* main.c in Sources */,
				D792D3A01F03E87F00F8C738 /* ListaDinEncad.c in Sources */,
			);
			runOnlyForDeploymentPostprocessing = 0;
		};
		D7BABE191F0576CD00AB6C73 /* Sources */ = {
			isa = PBXSourcesBuildPhase;
			buildActionMask = 2147483647;
			files = (
				D7BABE201F0576CD00AB6C73 /* main.c in Sources */,
				D7BABE261F0576FE00AB6C73 /* CircularChainedList.c in Sources */,
			);
			runOnlyForDeploymentPostprocessing = 0;
		};
		D7E007C11F0AC51700062DFA /* Sources */ = {
			isa = PBXSourcesBuildPhase;
			buildActionMask = 2147483647;
			files = (
				D7E007D01F0AC53300062DFA /* main.c in Sources */,
				D7E007CF1F0AC53300062DFA /* ChainedDescriptorList.c in Sources */,
			);
			runOnlyForDeploymentPostprocessing = 0;
		};
/* End PBXSourcesBuildPhase section */

/* Begin XCBuildConfiguration section */
		0A9E8A2A1F426E1600528EA4 /* Debug */ = {
			isa = XCBuildConfiguration;
			buildSettings = {
				PRODUCT_NAME = "$(TARGET_NAME)";
			};
			name = Debug;
		};
		0A9E8A2B1F426E1600528EA4 /* Release */ = {
			isa = XCBuildConfiguration;
			buildSettings = {
				PRODUCT_NAME = "$(TARGET_NAME)";
			};
			name = Release;
		};
		D703CE6A1F052E5500F24AA9 /* Debug */ = {
			isa = XCBuildConfiguration;
			buildSettings = {
				DEVELOPMENT_TEAM = Y799YUNDK5;
				PRODUCT_NAME = "$(TARGET_NAME)";
			};
			name = Debug;
		};
		D703CE6B1F052E5500F24AA9 /* Release */ = {
			isa = XCBuildConfiguration;
			buildSettings = {
				DEVELOPMENT_TEAM = Y799YUNDK5;
				PRODUCT_NAME = "$(TARGET_NAME)";
			};
			name = Release;
		};
		D7368AAB1EBBCB56003D2076 /* Debug */ = {
			isa = XCBuildConfiguration;
			buildSettings = {
				ALWAYS_SEARCH_USER_PATHS = NO;
				CLANG_ANALYZER_NONNULL = YES;
				CLANG_ANALYZER_NUMBER_OBJECT_CONVERSION = YES_AGGRESSIVE;
				CLANG_CXX_LANGUAGE_STANDARD = "gnu++0x";
				CLANG_CXX_LIBRARY = "libc++";
				CLANG_ENABLE_MODULES = YES;
				CLANG_ENABLE_OBJC_ARC = YES;
				CLANG_WARN_BOOL_CONVERSION = YES;
				CLANG_WARN_CONSTANT_CONVERSION = YES;
				CLANG_WARN_DIRECT_OBJC_ISA_USAGE = YES_ERROR;
				CLANG_WARN_DOCUMENTATION_COMMENTS = YES;
				CLANG_WARN_EMPTY_BODY = YES;
				CLANG_WARN_ENUM_CONVERSION = YES;
				CLANG_WARN_INFINITE_RECURSION = YES;
				CLANG_WARN_INT_CONVERSION = YES;
				CLANG_WARN_OBJC_ROOT_CLASS = YES_ERROR;
				CLANG_WARN_SUSPICIOUS_MOVE = YES;
				CLANG_WARN_UNREACHABLE_CODE = YES;
				CLANG_WARN__DUPLICATE_METHOD_MATCH = YES;
				CODE_SIGN_IDENTITY = "-";
				COPY_PHASE_STRIP = NO;
				DEBUG_INFORMATION_FORMAT = dwarf;
				ENABLE_STRICT_OBJC_MSGSEND = YES;
				ENABLE_TESTABILITY = YES;
				GCC_C_LANGUAGE_STANDARD = gnu99;
				GCC_DYNAMIC_NO_PIC = NO;
				GCC_NO_COMMON_BLOCKS = YES;
				GCC_OPTIMIZATION_LEVEL = 0;
				GCC_PREPROCESSOR_DEFINITIONS = (
					"DEBUG=1",
					"$(inherited)",
				);
				GCC_WARN_64_TO_32_BIT_CONVERSION = YES;
				GCC_WARN_ABOUT_RETURN_TYPE = YES_ERROR;
				GCC_WARN_UNDECLARED_SELECTOR = YES;
				GCC_WARN_UNINITIALIZED_AUTOS = YES_AGGRESSIVE;
				GCC_WARN_UNUSED_FUNCTION = YES;
				GCC_WARN_UNUSED_VARIABLE = YES;
				MACOSX_DEPLOYMENT_TARGET = 10.12;
				MTL_ENABLE_DEBUG_INFO = YES;
				ONLY_ACTIVE_ARCH = YES;
				SDKROOT = macosx;
			};
			name = Debug;
		};
		D7368AAC1EBBCB56003D2076 /* Release */ = {
			isa = XCBuildConfiguration;
			buildSettings = {
				ALWAYS_SEARCH_USER_PATHS = NO;
				CLANG_ANALYZER_NONNULL = YES;
				CLANG_ANALYZER_NUMBER_OBJECT_CONVERSION = YES_AGGRESSIVE;
				CLANG_CXX_LANGUAGE_STANDARD = "gnu++0x";
				CLANG_CXX_LIBRARY = "libc++";
				CLANG_ENABLE_MODULES = YES;
				CLANG_ENABLE_OBJC_ARC = YES;
				CLANG_WARN_BOOL_CONVERSION = YES;
				CLANG_WARN_CONSTANT_CONVERSION = YES;
				CLANG_WARN_DIRECT_OBJC_ISA_USAGE = YES_ERROR;
				CLANG_WARN_DOCUMENTATION_COMMENTS = YES;
				CLANG_WARN_EMPTY_BODY = YES;
				CLANG_WARN_ENUM_CONVERSION = YES;
				CLANG_WARN_INFINITE_RECURSION = YES;
				CLANG_WARN_INT_CONVERSION = YES;
				CLANG_WARN_OBJC_ROOT_CLASS = YES_ERROR;
				CLANG_WARN_SUSPICIOUS_MOVE = YES;
				CLANG_WARN_UNREACHABLE_CODE = YES;
				CLANG_WARN__DUPLICATE_METHOD_MATCH = YES;
				CODE_SIGN_IDENTITY = "-";
				COPY_PHASE_STRIP = NO;
				DEBUG_INFORMATION_FORMAT = "dwarf-with-dsym";
				ENABLE_NS_ASSERTIONS = NO;
				ENABLE_STRICT_OBJC_MSGSEND = YES;
				GCC_C_LANGUAGE_STANDARD = gnu99;
				GCC_NO_COMMON_BLOCKS = YES;
				GCC_WARN_64_TO_32_BIT_CONVERSION = YES;
				GCC_WARN_ABOUT_RETURN_TYPE = YES_ERROR;
				GCC_WARN_UNDECLARED_SELECTOR = YES;
				GCC_WARN_UNINITIALIZED_AUTOS = YES_AGGRESSIVE;
				GCC_WARN_UNUSED_FUNCTION = YES;
				GCC_WARN_UNUSED_VARIABLE = YES;
				MACOSX_DEPLOYMENT_TARGET = 10.12;
				MTL_ENABLE_DEBUG_INFO = NO;
				SDKROOT = macosx;
			};
			name = Release;
		};
		D7368AAE1EBBCB56003D2076 /* Debug */ = {
			isa = XCBuildConfiguration;
			buildSettings = {
				DEVELOPMENT_TEAM = Y799YUNDK5;
				PRODUCT_NAME = "$(TARGET_NAME)";
			};
			name = Debug;
		};
		D7368AAF1EBBCB56003D2076 /* Release */ = {
			isa = XCBuildConfiguration;
			buildSettings = {
				DEVELOPMENT_TEAM = Y799YUNDK5;
				PRODUCT_NAME = "$(TARGET_NAME)";
			};
			name = Release;
		};
		D792D39B1F03E73C00F8C738 /* Debug */ = {
			isa = XCBuildConfiguration;
			buildSettings = {
				DEVELOPMENT_TEAM = Y799YUNDK5;
				PRODUCT_NAME = "$(TARGET_NAME)";
			};
			name = Debug;
		};
		D792D39C1F03E73C00F8C738 /* Release */ = {
			isa = XCBuildConfiguration;
			buildSettings = {
				DEVELOPMENT_TEAM = Y799YUNDK5;
				PRODUCT_NAME = "$(TARGET_NAME)";
			};
			name = Release;
		};
		D7BABE211F0576CD00AB6C73 /* Debug */ = {
			isa = XCBuildConfiguration;
			buildSettings = {
				DEVELOPMENT_TEAM = Y799YUNDK5;
				PRODUCT_NAME = "$(TARGET_NAME)";
			};
			name = Debug;
		};
		D7BABE221F0576CD00AB6C73 /* Release */ = {
			isa = XCBuildConfiguration;
			buildSettings = {
				DEVELOPMENT_TEAM = Y799YUNDK5;
				PRODUCT_NAME = "$(TARGET_NAME)";
			};
			name = Release;
		};
		D7E007C91F0AC51700062DFA /* Debug */ = {
			isa = XCBuildConfiguration;
			buildSettings = {
				DEVELOPMENT_TEAM = Y799YUNDK5;
				PRODUCT_NAME = "$(TARGET_NAME)";
			};
			name = Debug;
		};
		D7E007CA1F0AC51700062DFA /* Release */ = {
			isa = XCBuildConfiguration;
			buildSettings = {
				DEVELOPMENT_TEAM = Y799YUNDK5;
				PRODUCT_NAME = "$(TARGET_NAME)";
			};
			name = Release;
		};
/* End XCBuildConfiguration section */

/* Begin XCConfigurationList section */
		0A9E8A2C1F426E1600528EA4 /* Build configuration list for PBXNativeTarget "DS_STATIC_QUEUE" */ = {
			isa = XCConfigurationList;
			buildConfigurations = (
				0A9E8A2A1F426E1600528EA4 /* Debug */,
				0A9E8A2B1F426E1600528EA4 /* Release */,
			);
			defaultConfigurationIsVisible = 0;
		};
		D703CE6C1F052E5500F24AA9 /* Build configuration list for PBXNativeTarget "DS_DOUBLE_CHAINED_LIST" */ = {
			isa = XCConfigurationList;
			buildConfigurations = (
				D703CE6A1F052E5500F24AA9 /* Debug */,
				D703CE6B1F052E5500F24AA9 /* Release */,
			);
			defaultConfigurationIsVisible = 0;
			defaultConfigurationName = Release;
		};
		D7368AA11EBBCB56003D2076 /* Build configuration list for PBXProject "ED_LISTA_EST_05" */ = {
			isa = XCConfigurationList;
			buildConfigurations = (
				D7368AAB1EBBCB56003D2076 /* Debug */,
				D7368AAC1EBBCB56003D2076 /* Release */,
			);
			defaultConfigurationIsVisible = 0;
			defaultConfigurationName = Release;
		};
		D7368AAD1EBBCB56003D2076 /* Build configuration list for PBXNativeTarget "ED_LISTA_EST_05" */ = {
			isa = XCConfigurationList;
			buildConfigurations = (
				D7368AAE1EBBCB56003D2076 /* Debug */,
				D7368AAF1EBBCB56003D2076 /* Release */,
			);
			defaultConfigurationIsVisible = 0;
			defaultConfigurationName = Release;
		};
		D792D39D1F03E73C00F8C738 /* Build configuration list for PBXNativeTarget "ED_LISTA_DUPLAMENTE_ENC" */ = {
			isa = XCConfigurationList;
			buildConfigurations = (
				D792D39B1F03E73C00F8C738 /* Debug */,
				D792D39C1F03E73C00F8C738 /* Release */,
			);
			defaultConfigurationIsVisible = 0;
			defaultConfigurationName = Release;
		};
		D7BABE231F0576CD00AB6C73 /* Build configuration list for PBXNativeTarget "DS_CIRCULAR_CHAINED_LIST" */ = {
			isa = XCConfigurationList;
			buildConfigurations = (
				D7BABE211F0576CD00AB6C73 /* Debug */,
				D7BABE221F0576CD00AB6C73 /* Release */,
			);
			defaultConfigurationIsVisible = 0;
			defaultConfigurationName = Release;
		};
		D7E007CB1F0AC51700062DFA /* Build configuration list for PBXNativeTarget "DS_CHAINED_DESCRIPTOR_LIST" */ = {
			isa = XCConfigurationList;
			buildConfigurations = (
				D7E007C91F0AC51700062DFA /* Debug */,
				D7E007CA1F0AC51700062DFA /* Release */,
			);
			defaultConfigurationIsVisible = 0;
			defaultConfigurationName = Release;
		};
/* End XCConfigurationList section */
	};
	rootObject = D7368A9E1EBBCB56003D2076 /* Project object */;
}
